
Microsoft Visual Studio Solution File, Format Version 12.00
# Visual Studio Version 17
VisualStudioVersion = 17.13.35913.81 d17.13
MinimumVisualStudioVersion = 10.0.40219.1
Project("{FAE04EC0-301F-11D3-BF4B-00C04F79EFBC}") = "ExercicioDeFixacaoComVariasClasses", "ExercicioDeFixacaoComVariasClasses\ExercicioDeFixacaoComVariasClasses.csproj", "{096CBC12-300C-4737-86AF-7E70BFF4C4F1}"
EndProject
Global
	GlobalSection(SolutionConfigurationPlatforms) = preSolution
		Debug|Any CPU = Debug|Any CPU
		Release|Any CPU = Release|Any CPU
	EndGlobalSection
	GlobalSection(ProjectConfigurationPlatforms) = postSolution
		{096CBC12-300C-4737-86AF-7E70BFF4C4F1}.Debug|Any CPU.ActiveCfg = Debug|Any CPU
		{096CBC12-300C-4737-86AF-7E70BFF4C4F1}.Debug|Any CPU.Build.0 = Debug|Any CPU
		{096CBC12-300C-4737-86AF-7E70BFF4C4F1}.Release|Any CPU.ActiveCfg = Release|Any CPU
		{096CBC12-300C-4737-86AF-7E70BFF4C4F1}.Release|Any CPU.Build.0 = Release|Any CPU
	EndGlobalSection
	GlobalSection(SolutionProperties) = preSolution
		HideSolutionNode = FALSE
	EndGlobalSection
	GlobalSection(ExtensibilityGlobals) = postSolution
		SolutionGuid = {FB58607B-4D1D-4C51-A2E8-714C75431A81}
	EndGlobalSection
EndGlobal
